
Microsoft Visual Studio Solution File, Format Version 12.00
# Visual Studio Version 16
VisualStudioVersion = 16.0.29709.97
MinimumVisualStudioVersion = 10.0.40219.1
Project("{FAE04EC0-301F-11D3-BF4B-00C04F79EFBC}") = "Somsana-School-Project", "Somsana-School-Project\Somsana-School-Project.csproj", "{08EBA124-1FB2-43D5-BEE1-E32883DF3219}"
EndProject
Global
	GlobalSection(SolutionConfigurationPlatforms) = preSolution
		Debug|Any CPU = Debug|Any CPU
		Release|Any CPU = Release|Any CPU
	EndGlobalSection
	GlobalSection(ProjectConfigurationPlatforms) = postSolution
		{08EBA124-1FB2-43D5-BEE1-E32883DF3219}.Debug|Any CPU.ActiveCfg = Debug|Any CPU
		{08EBA124-1FB2-43D5-BEE1-E32883DF3219}.Debug|Any CPU.Build.0 = Debug|Any CPU
		{08EBA124-1FB2-43D5-BEE1-E32883DF3219}.Release|Any CPU.ActiveCfg = Release|Any CPU
		{08EBA124-1FB2-43D5-BEE1-E32883DF3219}.Release|Any CPU.Build.0 = Release|Any CPU
	EndGlobalSection
	GlobalSection(SolutionProperties) = preSolution
		HideSolutionNode = FALSE
	EndGlobalSection
	GlobalSection(ExtensibilityGlobals) = postSolution
		SolutionGuid = {84F5A037-B495-4FAA-B5B5-6885C399586F}
	EndGlobalSection
EndGlobal
